
Microsoft Visual Studio Solution File, Format Version 12.00
# Visual Studio Version 16
VisualStudioVersion = 16.0.31624.102
MinimumVisualStudioVersion = 10.0.40219.1
Project("{FAE04EC0-301F-11D3-BF4B-00C04F79EFBC}") = "MSKhandakarAssignment1", "MSKhandakarAssignment1.csproj", "{4C2278C6-F03F-4410-9CFC-6596E57E1B52}"
EndProject
Global
	GlobalSection(SolutionConfigurationPlatforms) = preSolution
		Debug|Any CPU = Debug|Any CPU
		Release|Any CPU = Release|Any CPU
	EndGlobalSection
	GlobalSection(ProjectConfigurationPlatforms) = postSolution
		{4C2278C6-F03F-4410-9CFC-6596E57E1B52}.Debug|Any CPU.ActiveCfg = Debug|Any CPU
		{4C2278C6-F03F-4410-9CFC-6596E57E1B52}.Debug|Any CPU.Build.0 = Debug|Any CPU
		{4C2278C6-F03F-4410-9CFC-6596E57E1B52}.Release|Any CPU.ActiveCfg = Release|Any CPU
		{4C2278C6-F03F-4410-9CFC-6596E57E1B52}.Release|Any CPU.Build.0 = Release|Any CPU
	EndGlobalSection
	GlobalSection(SolutionProperties) = preSolution
		HideSolutionNode = FALSE
	EndGlobalSection
	GlobalSection(ExtensibilityGlobals) = postSolution
		SolutionGuid = {B97F07A6-43C1-4260-A2EB-64CC6E236578}
	EndGlobalSection
EndGlobal
